// !$*UTF8*$!
{
	archiveVersion = 1;
	classes = {
	};
	objectVersion = 46;
	objects = {

/* Begin PBXBuildFile section */
		758183151685069B004F890C /* UIKit.framework in Frameworks */ = {isa = PBXBuildFile; fileRef = 758183141685069B004F890C /* UIKit.framework */; };
		758183171685069B004F890C /* Foundation.framework in Frameworks */ = {isa = PBXBuildFile; fileRef = 758183161685069B004F890C /* Foundation.framework */; };
		758183191685069B004F890C /* CoreGraphics.framework in Frameworks */ = {isa = PBXBuildFile; fileRef = 758183181685069B004F890C /* CoreGraphics.framework */; };
		75818358168557F2004F890C /* Default-568h@2x.png in Resources */ = {isa = PBXBuildFile; fileRef = 75818352168557F2004F890C /* Default-568h@2x.png */; };
		75818359168557F2004F890C /* Default.png in Resources */ = {isa = PBXBuildFile; fileRef = 75818353168557F2004F890C /* Default.png */; };
		7581835A168557F2004F890C /* Default@2x.png in Resources */ = {isa = PBXBuildFile; fileRef = 75818354168557F2004F890C /* Default@2x.png */; };
		7581835C168557F2004F890C /* main.m in Sources */ = {isa = PBXBuildFile; fileRef = 75818357168557F2004F890C /* main.m */; };
		7581836316855807004F890C /* AppDelegate.m in Sources */ = {isa = PBXBuildFile; fileRef = 7581835F16855807004F890C /* AppDelegate.m */; };
		7581836516855807004F890C /* LinkViewController.m in Sources */ = {isa = PBXBuildFile; fileRef = 7581836216855807004F890C /* LinkViewController.m */; };
		7C32733B1B7D36BD0056879C /* ViewController.m in Sources */ = {isa = PBXBuildFile; fileRef = 7C32733A1B7D36BD0056879C /* ViewController.m */; };
		7C911AFF1B630A3F007EF68A /* main.storyboard in Resources */ = {isa = PBXBuildFile; fileRef = 7C911AFE1B630A3F007EF68A /* main.storyboard */; };
/* End PBXBuildFile section */

/* Begin PBXFileReference section */
		758183101685069B004F890C /* PlaidLinkWebviewExample.app */ = {isa = PBXFileReference; explicitFileType = wrapper.application; includeInIndex = 0; path = PlaidLinkWebviewExample.app; sourceTree = BUILT_PRODUCTS_DIR; };
		758183141685069B004F890C /* UIKit.framework */ = {isa = PBXFileReference; lastKnownFileType = wrapper.framework; name = UIKit.framework; path = System/Library/Frameworks/UIKit.framework; sourceTree = SDKROOT; };
		758183161685069B004F890C /* Foundation.framework */ = {isa = PBXFileReference; lastKnownFileType = wrapper.framework; name = Foundation.framework; path = System/Library/Frameworks/Foundation.framework; sourceTree = SDKROOT; };
		758183181685069B004F890C /* CoreGraphics.framework */ = {isa = PBXFileReference; lastKnownFileType = wrapper.framework; name = CoreGraphics.framework; path = System/Library/Frameworks/CoreGraphics.framework; sourceTree = SDKROOT; };
		75818352168557F2004F890C /* Default-568h@2x.png */ = {isa = PBXFileReference; lastKnownFileType = image.png; name = "Default-568h@2x.png"; path = "JavaScript WebView/Default-568h@2x.png"; sourceTree = SOURCE_ROOT; };
		75818353168557F2004F890C /* Default.png */ = {isa = PBXFileReference; lastKnownFileType = image.png; name = Default.png; path = "JavaScript WebView/Default.png"; sourceTree = SOURCE_ROOT; };
		75818354168557F2004F890C /* Default@2x.png */ = {isa = PBXFileReference; lastKnownFileType = image.png; name = "Default@2x.png"; path = "JavaScript WebView/Default@2x.png"; sourceTree = SOURCE_ROOT; };
		75818355168557F2004F890C /* PlaidLinkWebviewExample-Info.plist */ = {isa = PBXFileReference; fileEncoding = 4; lastKnownFileType = text.plist.xml; name = "PlaidLinkWebviewExample-Info.plist"; path = "JavaScript WebView/PlaidLinkWebviewExample-Info.plist"; sourceTree = SOURCE_ROOT; };
		75818356168557F2004F890C /* PlaidLinkWebviewExample-Prefix.pch */ = {isa = PBXFileReference; fileEncoding = 4; lastKnownFileType = sourcecode.c.h; name = "PlaidLinkWebviewExample-Prefix.pch"; path = "JavaScript WebView/PlaidLinkWebviewExample-Prefix.pch"; sourceTree = SOURCE_ROOT; };
		75818357168557F2004F890C /* main.m */ = {isa = PBXFileReference; fileEncoding = 4; lastKnownFileType = sourcecode.c.objc; name = main.m; path = "JavaScript WebView/main.m"; sourceTree = SOURCE_ROOT; };
		7581835E16855807004F890C /* AppDelegate.h */ = {isa = PBXFileReference; fileEncoding = 4; lastKnownFileType = sourcecode.c.h; name = AppDelegate.h; path = "JavaScript WebView/AppDelegate.h"; sourceTree = SOURCE_ROOT; };
		7581835F16855807004F890C /* AppDelegate.m */ = {isa = PBXFileReference; fileEncoding = 4; lastKnownFileType = sourcecode.c.objc; name = AppDelegate.m; path = "JavaScript WebView/AppDelegate.m"; sourceTree = SOURCE_ROOT; };
		7581836116855807004F890C /* LinkViewController.h */ = {isa = PBXFileReference; fileEncoding = 4; lastKnownFileType = sourcecode.c.h; name = LinkViewController.h; path = "JavaScript WebView/LinkViewController.h"; sourceTree = SOURCE_ROOT; };
		7581836216855807004F890C /* LinkViewController.m */ = {isa = PBXFileReference; fileEncoding = 4; lastKnownFileType = sourcecode.c.objc; name = LinkViewController.m; path = "JavaScript WebView/LinkViewController.m"; sourceTree = SOURCE_ROOT; };
		7C3273391B7D36BD0056879C /* ViewController.h */ = {isa = PBXFileReference; fileEncoding = 4; lastKnownFileType = sourcecode.c.h; name = ViewController.h; path = "JavaScript WebView/ViewController.h"; sourceTree = SOURCE_ROOT; };
		7C32733A1B7D36BD0056879C /* ViewController.m */ = {isa = PBXFileReference; fileEncoding = 4; lastKnownFileType = sourcecode.c.objc; name = ViewController.m; path = "JavaScript WebView/ViewController.m"; sourceTree = SOURCE_ROOT; };
		7C911AFE1B630A3F007EF68A /* main.storyboard */ = {isa = PBXFileReference; fileEncoding = 4; lastKnownFileType = file.storyboard; name = main.storyboard; path = "JavaScript WebView/main.storyboard"; sourceTree = SOURCE_ROOT; };
/* End PBXFileReference section */

/* Begin PBXFrameworksBuildPhase section */
		7581830D1685069B004F890C /* Frameworks */ = {
			isa = PBXFrameworksBuildPhase;
			buildActionMask = 2147483647;
			files = (
				758183151685069B004F890C /* UIKit.framework in Frameworks */,
				758183171685069B004F890C /* Foundation.framework in Frameworks */,
				758183191685069B004F890C /* CoreGraphics.framework in Frameworks */,
			);
			runOnlyForDeploymentPostprocessing = 0;
		};
/* End PBXFrameworksBuildPhase section */

/* Begin PBXGroup section */
		758183051685069A004F890C = {
			isa = PBXGroup;
			children = (
				7581831A1685069B004F890C /* JavaScript WebView */,
				758183131685069B004F890C /* Frameworks */,
				758183111685069B004F890C /* Products */,
			);
			sourceTree = "<group>";
		};
		758183111685069B004F890C /* Products */ = {
			isa = PBXGroup;
			children = (
				758183101685069B004F890C /* PlaidLinkWebviewExample.app */,
			);
			name = Products;
			sourceTree = "<group>";
		};
		758183131685069B004F890C /* Frameworks */ = {
			isa = PBXGroup;
			children = (
				758183141685069B004F890C /* UIKit.framework */,
				758183161685069B004F890C /* Foundation.framework */,
				758183181685069B004F890C /* CoreGraphics.framework */,
			);
			name = Frameworks;
			sourceTree = "<group>";
		};
		7581831A1685069B004F890C /* JavaScript WebView */ = {
			isa = PBXGroup;
			children = (
				7581835E16855807004F890C /* AppDelegate.h */,
				7581835F16855807004F890C /* AppDelegate.m */,
				7C3273391B7D36BD0056879C /* ViewController.h */,
				7C32733A1B7D36BD0056879C /* ViewController.m */,
				7581836116855807004F890C /* LinkViewController.h */,
				7581836216855807004F890C /* LinkViewController.m */,
				7C911AFE1B630A3F007EF68A /* main.storyboard */,
				7581831B1685069B004F890C /* Supporting Files */,
			);
			name = "JavaScript WebView";
			path = "Test JavaScript WebView";
			sourceTree = "<group>";
		};
		7581831B1685069B004F890C /* Supporting Files */ = {
			isa = PBXGroup;
			children = (
				75818352168557F2004F890C /* Default-568h@2x.png */,
				75818353168557F2004F890C /* Default.png */,
				75818354168557F2004F890C /* Default@2x.png */,
				75818355168557F2004F890C /* PlaidLinkWebviewExample-Info.plist */,
				75818356168557F2004F890C /* PlaidLinkWebviewExample-Prefix.pch */,
				75818357168557F2004F890C /* main.m */,
			);
			name = "Supporting Files";
			sourceTree = "<group>";
		};
/* End PBXGroup section */

/* Begin PBXNativeTarget section */
		7581830F1685069B004F890C /* PlaidLinkWebviewExample */ = {
			isa = PBXNativeTarget;
			buildConfigurationList = 758183341685069C004F890C /* Build configuration list for PBXNativeTarget "PlaidLinkWebviewExample" */;
			buildPhases = (
				7581830C1685069B004F890C /* Sources */,
				7581830D1685069B004F890C /* Frameworks */,
				7581830E1685069B004F890C /* Resources */,
			);
			buildRules = (
			);
			dependencies = (
			);
			name = PlaidLinkWebviewExample;
			productName = "Test JavaScript WebView";
			productReference = 758183101685069B004F890C /* PlaidLinkWebviewExample.app */;
			productType = "com.apple.product-type.application";
		};
/* End PBXNativeTarget section */

/* Begin PBXProject section */
		758183071685069A004F890C /* Project object */ = {
			isa = PBXProject;
			attributes = {
				LastUpgradeCheck = 0450;
				ORGANIZATIONNAME = "Plaid LLC.";
				TargetAttributes = {
					7581830F1685069B004F890C = {
						DevelopmentTeam = Z2P2MSMY87;
					};
				};
			};
			buildConfigurationList = 7581830A1685069A004F890C /* Build configuration list for PBXProject "PlaidLinkWebviewExample" */;
			compatibilityVersion = "Xcode 3.2";
			developmentRegion = English;
			hasScannedForEncodings = 0;
			knownRegions = (
				en,
				Base,
			);
			mainGroup = 758183051685069A004F890C;
			productRefGroup = 758183111685069B004F890C /* Products */;
			projectDirPath = "";
			projectRoot = "";
			targets = (
				7581830F1685069B004F890C /* PlaidLinkWebviewExample */,
			);
		};
/* End PBXProject section */

/* Begin PBXResourcesBuildPhase section */
		7581830E1685069B004F890C /* Resources */ = {
			isa = PBXResourcesBuildPhase;
			buildActionMask = 2147483647;
			files = (
				75818358168557F2004F890C /* Default-568h@2x.png in Resources */,
				7C911AFF1B630A3F007EF68A /* main.storyboard in Resources */,
				75818359168557F2004F890C /* Default.png in Resources */,
				7581835A168557F2004F890C /* Default@2x.png in Resources */,
			);
			runOnlyForDeploymentPostprocessing = 0;
		};
/* End PBXResourcesBuildPhase section */

/* Begin PBXSourcesBuildPhase section */
		7581830C1685069B004F890C /* Sources */ = {
			isa = PBXSourcesBuildPhase;
			buildActionMask = 2147483647;
			files = (
				7581835C168557F2004F890C /* main.m in Sources */,
				7581836316855807004F890C /* AppDelegate.m in Sources */,
				7C32733B1B7D36BD0056879C /* ViewController.m in Sources */,
				7581836516855807004F890C /* LinkViewController.m in Sources */,
			);
			runOnlyForDeploymentPostprocessing = 0;
		};
/* End PBXSourcesBuildPhase section */

/* Begin XCBuildConfiguration section */
		758183321685069C004F890C /* Debug */ = {
			isa = XCBuildConfiguration;
			buildSettings = {
				ALWAYS_SEARCH_USER_PATHS = NO;
				CLANG_CXX_LANGUAGE_STANDARD = "gnu++0x";
				CLANG_CXX_LIBRARY = "libc++";
				CLANG_ENABLE_OBJC_ARC = YES;
				CLANG_WARN_EMPTY_BODY = YES;
				CLANG_WARN__DUPLICATE_METHOD_MATCH = YES;
				"CODE_SIGN_IDENTITY[sdk=iphoneos*]" = "iPhone Developer";
				COPY_PHASE_STRIP = NO;
				GCC_C_LANGUAGE_STANDARD = gnu99;
				GCC_DYNAMIC_NO_PIC = NO;
				GCC_OPTIMIZATION_LEVEL = 0;
				GCC_PREPROCESSOR_DEFINITIONS = (
					"DEBUG=1",
					"$(inherited)",
				);
				GCC_SYMBOLS_PRIVATE_EXTERN = NO;
				GCC_WARN_ABOUT_RETURN_TYPE = YES;
				GCC_WARN_UNINITIALIZED_AUTOS = YES;
				GCC_WARN_UNUSED_VARIABLE = YES;
				IPHONEOS_DEPLOYMENT_TARGET = 6.0;
				ONLY_ACTIVE_ARCH = YES;
				SDKROOT = iphoneos;
			};
			name = Debug;
		};
		758183331685069C004F890C /* Release */ = {
			isa = XCBuildConfiguration;
			buildSettings = {
				ALWAYS_SEARCH_USER_PATHS = NO;
				CLANG_CXX_LANGUAGE_STANDARD = "gnu++0x";
				CLANG_CXX_LIBRARY = "libc++";
				CLANG_ENABLE_OBJC_ARC = YES;
				CLANG_WARN_EMPTY_BODY = YES;
				CLANG_WARN__DUPLICATE_METHOD_MATCH = YES;
				"CODE_SIGN_IDENTITY[sdk=iphoneos*]" = "iPhone Developer";
				COPY_PHASE_STRIP = YES;
				GCC_C_LANGUAGE_STANDARD = gnu99;
				GCC_WARN_ABOUT_RETURN_TYPE = YES;
				GCC_WARN_UNINITIALIZED_AUTOS = YES;
				GCC_WARN_UNUSED_VARIABLE = YES;
				IPHONEOS_DEPLOYMENT_TARGET = 6.0;
				OTHER_CFLAGS = "-DNS_BLOCK_ASSERTIONS=1";
				SDKROOT = iphoneos;
				VALIDATE_PRODUCT = YES;
			};
			name = Release;
		};
		758183351685069C004F890C /* Debug */ = {
			isa = XCBuildConfiguration;
			buildSettings = {
				DEVELOPMENT_TEAM = Z2P2MSMY87;
				GCC_PRECOMPILE_PREFIX_HEADER = YES;
				GCC_PREFIX_HEADER = "JavaScript WebView/PlaidLinkWebviewExample-Prefix.pch";
				INFOPLIST_FILE = "JavaScript WebView/PlaidLinkWebviewExample-Info.plist";
				PRODUCT_NAME = PlaidLinkWebviewExample;
				WRAPPER_EXTENSION = app;
			};
			name = Debug;
		};
		758183361685069C004F890C /* Release */ = {
			isa = XCBuildConfiguration;
			buildSettings = {
				DEVELOPMENT_TEAM = Z2P2MSMY87;
				GCC_PRECOMPILE_PREFIX_HEADER = YES;
				GCC_PREFIX_HEADER = "JavaScript WebView/PlaidLinkWebviewExample-Prefix.pch";
				INFOPLIST_FILE = "JavaScript WebView/PlaidLinkWebviewExample-Info.plist";
				PRODUCT_NAME = PlaidLinkWebviewExample;
				WRAPPER_EXTENSION = app;
			};
			name = Release;
		};
/* End XCBuildConfiguration section */

/* Begin XCConfigurationList section */
		7581830A1685069A004F890C /* Build configuration list for PBXProject "PlaidLinkWebviewExample" */ = {
			isa = XCConfigurationList;
			buildConfigurations = (
				758183321685069C004F890C /* Debug */,
				758183331685069C004F890C /* Release */,
			);
			defaultConfigurationIsVisible = 0;
			defaultConfigurationName = Release;
		};
		758183341685069C004F890C /* Build configuration list for PBXNativeTarget "PlaidLinkWebviewExample" */ = {
			isa = XCConfigurationList;
			buildConfigurations = (
				758183351685069C004F890C /* Debug */,
				758183361685069C004F890C /* Release */,
			);
			defaultConfigurationIsVisible = 0;
			defaultConfigurationName = Release;
		};
/* End XCConfigurationList section */
	};
	rootObject = 758183071685069A004F890C /* Project object */;
}
