// !$*UTF8*$!
{
	archiveVersion = 1;
	classes = {
	};
	objectVersion = 46;
	objects = {

/* Begin PBXBuildFile section */
		910CAE1D1E3BC35C0089B9CC /* main.m in Sources */ = {isa = PBXBuildFile; fileRef = 910CAE1C1E3BC35C0089B9CC /* main.m */; };
		910CAE201E3BC35C0089B9CC /* AppDelegate.m in Sources */ = {isa = PBXBuildFile; fileRef = 910CAE1F1E3BC35C0089B9CC /* AppDelegate.m */; };
		910CAE231E3BC35C0089B9CC /* ViewController.m in Sources */ = {isa = PBXBuildFile; fileRef = 910CAE221E3BC35C0089B9CC /* ViewController.m */; };
		910CAE261E3BC35C0089B9CC /* Main.storyboard in Resources */ = {isa = PBXBuildFile; fileRef = 910CAE241E3BC35C0089B9CC /* Main.storyboard */; };
		910CAE2B1E3BC35C0089B9CC /* LaunchScreen.storyboard in Resources */ = {isa = PBXBuildFile; fileRef = 910CAE291E3BC35C0089B9CC /* LaunchScreen.storyboard */; };
		910CAE341E3BC5000089B9CC /* LinkKit.framework in Frameworks */ = {isa = PBXBuildFile; fileRef = 910CAE331E3BC5000089B9CC /* LinkKit.framework */; };
		910CAE351E3BC5000089B9CC /* LinkKit.framework in Embed Frameworks */ = {isa = PBXBuildFile; fileRef = 910CAE331E3BC5000089B9CC /* LinkKit.framework */; settings = {ATTRIBUTES = (CodeSignOnCopy, RemoveHeadersOnCopy, ); }; };
		91DA6D8D1E3F8EED00434C45 /* Assets.xcassets in Resources */ = {isa = PBXBuildFile; fileRef = 91DA6D8C1E3F8EED00434C45 /* Assets.xcassets */; };
/* End PBXBuildFile section */

/* Begin PBXCopyFilesBuildPhase section */
		910CAE361E3BC5000089B9CC /* Embed Frameworks */ = {
			isa = PBXCopyFilesBuildPhase;
			buildActionMask = 2147483647;
			dstPath = "";
			dstSubfolderSpec = 10;
			files = (
				910CAE351E3BC5000089B9CC /* LinkKit.framework in Embed Frameworks */,
			);
			name = "Embed Frameworks";
			runOnlyForDeploymentPostprocessing = 0;
		};
/* End PBXCopyFilesBuildPhase section */

/* Begin PBXFileReference section */
		910CAE181E3BC35C0089B9CC /* LinkDemo-ObjC.app */ = {isa = PBXFileReference; explicitFileType = wrapper.application; includeInIndex = 0; path = "LinkDemo-ObjC.app"; sourceTree = BUILT_PRODUCTS_DIR; };
		910CAE1C1E3BC35C0089B9CC /* main.m */ = {isa = PBXFileReference; lastKnownFileType = sourcecode.c.objc; path = main.m; sourceTree = "<group>"; };
		910CAE1E1E3BC35C0089B9CC /* AppDelegate.h */ = {isa = PBXFileReference; lastKnownFileType = sourcecode.c.h; path = AppDelegate.h; sourceTree = "<group>"; };
		910CAE1F1E3BC35C0089B9CC /* AppDelegate.m */ = {isa = PBXFileReference; lastKnownFileType = sourcecode.c.objc; path = AppDelegate.m; sourceTree = "<group>"; };
		910CAE211E3BC35C0089B9CC /* ViewController.h */ = {isa = PBXFileReference; lastKnownFileType = sourcecode.c.h; path = ViewController.h; sourceTree = "<group>"; };
		910CAE221E3BC35C0089B9CC /* ViewController.m */ = {isa = PBXFileReference; lastKnownFileType = sourcecode.c.objc; path = ViewController.m; sourceTree = "<group>"; };
		910CAE251E3BC35C0089B9CC /* Base */ = {isa = PBXFileReference; lastKnownFileType = file.storyboard; name = Base; path = Base.lproj/Main.storyboard; sourceTree = "<group>"; };
		910CAE2A1E3BC35C0089B9CC /* Base */ = {isa = PBXFileReference; lastKnownFileType = file.storyboard; name = Base; path = Base.lproj/LaunchScreen.storyboard; sourceTree = "<group>"; };
		910CAE2C1E3BC35C0089B9CC /* Info.plist */ = {isa = PBXFileReference; lastKnownFileType = text.plist.xml; path = Info.plist; sourceTree = "<group>"; };
		910CAE331E3BC5000089B9CC /* LinkKit.framework */ = {isa = PBXFileReference; lastKnownFileType = wrapper.framework; name = LinkKit.framework; path = ../LinkKit.framework; sourceTree = "<group>"; };
		91DA6D8C1E3F8EED00434C45 /* Assets.xcassets */ = {isa = PBXFileReference; lastKnownFileType = folder.assetcatalog; path = Assets.xcassets; sourceTree = "<group>"; };
/* End PBXFileReference section */

/* Begin PBXFrameworksBuildPhase section */
		910CAE151E3BC35C0089B9CC /* Frameworks */ = {
			isa = PBXFrameworksBuildPhase;
			buildActionMask = 2147483647;
			files = (
				910CAE341E3BC5000089B9CC /* LinkKit.framework in Frameworks */,
			);
			runOnlyForDeploymentPostprocessing = 0;
		};
/* End PBXFrameworksBuildPhase section */

/* Begin PBXGroup section */
		910CAE0F1E3BC35C0089B9CC = {
			isa = PBXGroup;
			children = (
				910CAE331E3BC5000089B9CC /* LinkKit.framework */,
				910CAE1A1E3BC35C0089B9CC /* LinkDemo-ObjC */,
				910CAE191E3BC35C0089B9CC /* Products */,
			);
			sourceTree = "<group>";
		};
		910CAE191E3BC35C0089B9CC /* Products */ = {
			isa = PBXGroup;
			children = (
				910CAE181E3BC35C0089B9CC /* LinkDemo-ObjC.app */,
			);
			name = Products;
			sourceTree = "<group>";
		};
		910CAE1A1E3BC35C0089B9CC /* LinkDemo-ObjC */ = {
			isa = PBXGroup;
			children = (
				910CAE1E1E3BC35C0089B9CC /* AppDelegate.h */,
				910CAE1F1E3BC35C0089B9CC /* AppDelegate.m */,
				910CAE211E3BC35C0089B9CC /* ViewController.h */,
				910CAE221E3BC35C0089B9CC /* ViewController.m */,
				910CAE241E3BC35C0089B9CC /* Main.storyboard */,
				910CAE291E3BC35C0089B9CC /* LaunchScreen.storyboard */,
				91DA6D8C1E3F8EED00434C45 /* Assets.xcassets */,
				910CAE2C1E3BC35C0089B9CC /* Info.plist */,
				910CAE1B1E3BC35C0089B9CC /* Supporting Files */,
			);
			path = "LinkDemo-ObjC";
			sourceTree = "<group>";
		};
		910CAE1B1E3BC35C0089B9CC /* Supporting Files */ = {
			isa = PBXGroup;
			children = (
				910CAE1C1E3BC35C0089B9CC /* main.m */,
			);
			name = "Supporting Files";
			sourceTree = "<group>";
		};
/* End PBXGroup section */

/* Begin PBXNativeTarget section */
		910CAE171E3BC35C0089B9CC /* LinkDemo-ObjC */ = {
			isa = PBXNativeTarget;
			buildConfigurationList = 910CAE2F1E3BC35C0089B9CC /* Build configuration list for PBXNativeTarget "LinkDemo-ObjC" */;
			buildPhases = (
				910CAE141E3BC35C0089B9CC /* Sources */,
				910CAE151E3BC35C0089B9CC /* Frameworks */,
				910CAE161E3BC35C0089B9CC /* Resources */,
				910CAE361E3BC5000089B9CC /* Embed Frameworks */,
				910CAE321E3BC45F0089B9CC /* Prepare for Distribution */,
			);
			buildRules = (
			);
			dependencies = (
			);
			name = "LinkDemo-ObjC";
			productName = "LinkDemo-ObjC";
			productReference = 910CAE181E3BC35C0089B9CC /* LinkDemo-ObjC.app */;
			productType = "com.apple.product-type.application";
		};
/* End PBXNativeTarget section */

/* Begin PBXProject section */
		910CAE101E3BC35C0089B9CC /* Project object */ = {
			isa = PBXProject;
			attributes = {
				LastUpgradeCheck = 0820;
				ORGANIZATIONNAME = "Plaid Technologies, Inc.";
				TargetAttributes = {
					910CAE171E3BC35C0089B9CC = {
						CreatedOnToolsVersion = 8.2.1;
						ProvisioningStyle = Automatic;
					};
				};
			};
			buildConfigurationList = 910CAE131E3BC35C0089B9CC /* Build configuration list for PBXProject "LinkDemo-ObjC" */;
			compatibilityVersion = "Xcode 3.2";
			developmentRegion = English;
			hasScannedForEncodings = 0;
			knownRegions = (
				en,
				Base,
			);
			mainGroup = 910CAE0F1E3BC35C0089B9CC;
			productRefGroup = 910CAE191E3BC35C0089B9CC /* Products */;
			projectDirPath = "";
			projectRoot = "";
			targets = (
				910CAE171E3BC35C0089B9CC /* LinkDemo-ObjC */,
			);
		};
/* End PBXProject section */

/* Begin PBXResourcesBuildPhase section */
		910CAE161E3BC35C0089B9CC /* Resources */ = {
			isa = PBXResourcesBuildPhase;
			buildActionMask = 2147483647;
			files = (
				910CAE2B1E3BC35C0089B9CC /* LaunchScreen.storyboard in Resources */,
				91DA6D8D1E3F8EED00434C45 /* Assets.xcassets in Resources */,
				910CAE261E3BC35C0089B9CC /* Main.storyboard in Resources */,
			);
			runOnlyForDeploymentPostprocessing = 0;
		};
/* End PBXResourcesBuildPhase section */

/* Begin PBXShellScriptBuildPhase section */
		910CAE321E3BC45F0089B9CC /* Prepare for Distribution */ = {
			isa = PBXShellScriptBuildPhase;
			buildActionMask = 2147483647;
			files = (
			);
			inputPaths = (
			);
			name = "Prepare for Distribution";
			outputPaths = (
			);
			runOnlyForDeploymentPostprocessing = 0;
			shellPath = /bin/sh;
			shellScript = "cp \"${PROJECT_DIR}\"/../LinkKit.framework/prepare_for_distribution.sh \"${CODESIGNING_FOLDER_PATH}\"/Frameworks/LinkKit.framework/prepare_for_distribution.sh\n\"${CODESIGNING_FOLDER_PATH}\"/Frameworks/LinkKit.framework/prepare_for_distribution.sh\n";
			showEnvVarsInLog = 0;
		};
/* End PBXShellScriptBuildPhase section */

/* Begin PBXSourcesBuildPhase section */
		910CAE141E3BC35C0089B9CC /* Sources */ = {
			isa = PBXSourcesBuildPhase;
			buildActionMask = 2147483647;
			files = (
				910CAE231E3BC35C0089B9CC /* ViewController.m in Sources */,
				910CAE201E3BC35C0089B9CC /* AppDelegate.m in Sources */,
				910CAE1D1E3BC35C0089B9CC /* main.m in Sources */,
			);
			runOnlyForDeploymentPostprocessing = 0;
		};
/* End PBXSourcesBuildPhase section */

/* Begin PBXVariantGroup section */
		910CAE241E3BC35C0089B9CC /* Main.storyboard */ = {
			isa = PBXVariantGroup;
			children = (
				910CAE251E3BC35C0089B9CC /* Base */,
			);
			name = Main.storyboard;
			sourceTree = "<group>";
		};
		910CAE291E3BC35C0089B9CC /* LaunchScreen.storyboard */ = {
			isa = PBXVariantGroup;
			children = (
				910CAE2A1E3BC35C0089B9CC /* Base */,
			);
			name = LaunchScreen.storyboard;
			sourceTree = "<group>";
		};
/* End PBXVariantGroup section */

/* Begin XCBuildConfiguration section */
		910CAE2D1E3BC35C0089B9CC /* Debug */ = {
			isa = XCBuildConfiguration;
			buildSettings = {
				ALWAYS_SEARCH_USER_PATHS = NO;
				CLANG_ANALYZER_NONNULL = YES;
				CLANG_CXX_LANGUAGE_STANDARD = "gnu++0x";
				CLANG_CXX_LIBRARY = "libc++";
				CLANG_ENABLE_MODULES = YES;
				CLANG_ENABLE_OBJC_ARC = YES;
				CLANG_WARN_BOOL_CONVERSION = YES;
				CLANG_WARN_CONSTANT_CONVERSION = YES;
				CLANG_WARN_DIRECT_OBJC_ISA_USAGE = YES_ERROR;
				CLANG_WARN_DOCUMENTATION_COMMENTS = YES;
				CLANG_WARN_EMPTY_BODY = YES;
				CLANG_WARN_ENUM_CONVERSION = YES;
				CLANG_WARN_INFINITE_RECURSION = YES;
				CLANG_WARN_INT_CONVERSION = YES;
				CLANG_WARN_OBJC_ROOT_CLASS = YES_ERROR;
				CLANG_WARN_SUSPICIOUS_MOVE = YES;
				CLANG_WARN_UNREACHABLE_CODE = YES;
				CLANG_WARN__DUPLICATE_METHOD_MATCH = YES;
				CODE_SIGN_IDENTITY = "iPhone Developer";
				COPY_PHASE_STRIP = NO;
				DEBUG_INFORMATION_FORMAT = dwarf;
				ENABLE_STRICT_OBJC_MSGSEND = YES;
				ENABLE_TESTABILITY = YES;
				GCC_C_LANGUAGE_STANDARD = gnu99;
				GCC_DYNAMIC_NO_PIC = NO;
				GCC_NO_COMMON_BLOCKS = YES;
				GCC_OPTIMIZATION_LEVEL = 0;
				GCC_PREPROCESSOR_DEFINITIONS = (
					"DEBUG=1",
					"$(inherited)",
				);
				GCC_WARN_64_TO_32_BIT_CONVERSION = YES;
				GCC_WARN_ABOUT_RETURN_TYPE = YES_ERROR;
				GCC_WARN_UNDECLARED_SELECTOR = YES;
				GCC_WARN_UNINITIALIZED_AUTOS = YES_AGGRESSIVE;
				GCC_WARN_UNUSED_FUNCTION = YES;
				GCC_WARN_UNUSED_VARIABLE = YES;
				IPHONEOS_DEPLOYMENT_TARGET = 8.0;
				MTL_ENABLE_DEBUG_INFO = YES;
				ONLY_ACTIVE_ARCH = YES;
				SDKROOT = iphoneos;
				TARGETED_DEVICE_FAMILY = "1,2";
			};
			name = Debug;
		};
		910CAE2E1E3BC35C0089B9CC /* Release */ = {
			isa = XCBuildConfiguration;
			buildSettings = {
				ALWAYS_SEARCH_USER_PATHS = NO;
				CLANG_ANALYZER_NONNULL = YES;
				CLANG_CXX_LANGUAGE_STANDARD = "gnu++0x";
				CLANG_CXX_LIBRARY = "libc++";
				CLANG_ENABLE_MODULES = YES;
				CLANG_ENABLE_OBJC_ARC = YES;
				CLANG_WARN_BOOL_CONVERSION = YES;
				CLANG_WARN_CONSTANT_CONVERSION = YES;
				CLANG_WARN_DIRECT_OBJC_ISA_USAGE = YES_ERROR;
				CLANG_WARN_DOCUMENTATION_COMMENTS = YES;
				CLANG_WARN_EMPTY_BODY = YES;
				CLANG_WARN_ENUM_CONVERSION = YES;
				CLANG_WARN_INFINITE_RECURSION = YES;
				CLANG_WARN_INT_CONVERSION = YES;
				CLANG_WARN_OBJC_ROOT_CLASS = YES_ERROR;
				CLANG_WARN_SUSPICIOUS_MOVE = YES;
				CLANG_WARN_UNREACHABLE_CODE = YES;
				CLANG_WARN__DUPLICATE_METHOD_MATCH = YES;
				CODE_SIGN_IDENTITY = "iPhone Developer";
				COPY_PHASE_STRIP = NO;
				DEBUG_INFORMATION_FORMAT = "dwarf-with-dsym";
				ENABLE_NS_ASSERTIONS = NO;
				ENABLE_STRICT_OBJC_MSGSEND = YES;
				GCC_C_LANGUAGE_STANDARD = gnu99;
				GCC_NO_COMMON_BLOCKS = YES;
				GCC_WARN_64_TO_32_BIT_CONVERSION = YES;
				GCC_WARN_ABOUT_RETURN_TYPE = YES_ERROR;
				GCC_WARN_UNDECLARED_SELECTOR = YES;
				GCC_WARN_UNINITIALIZED_AUTOS = YES_AGGRESSIVE;
				GCC_WARN_UNUSED_FUNCTION = YES;
				GCC_WARN_UNUSED_VARIABLE = YES;
				IPHONEOS_DEPLOYMENT_TARGET = 8.0;
				MTL_ENABLE_DEBUG_INFO = NO;
				SDKROOT = iphoneos;
				TARGETED_DEVICE_FAMILY = "1,2";
				VALIDATE_PRODUCT = YES;
			};
			name = Release;
		};
		910CAE301E3BC35C0089B9CC /* Debug */ = {
			isa = XCBuildConfiguration;
			buildSettings = {
				ASSETCATALOG_COMPILER_APPICON_NAME = AppIcon;
				DEVELOPMENT_TEAM = "";
				FRAMEWORK_SEARCH_PATHS = "$(PROJECT_DIR)/../";
				INFOPLIST_FILE = "LinkDemo-ObjC/Info.plist";
				IPHONEOS_DEPLOYMENT_TARGET = 8.0;
				LD_RUNPATH_SEARCH_PATHS = "$(inherited) @executable_path/Frameworks";
				LINK_ENV = Sandbox;
				LINK_KEY = YOUR_PLAID_PUBLIC_KEY;
				PRODUCT_BUNDLE_IDENTIFIER = com.plaid.linkdemo.objc;
				PRODUCT_NAME = "$(TARGET_NAME)";
			};
			name = Debug;
		};
		910CAE311E3BC35C0089B9CC /* Release */ = {
			isa = XCBuildConfiguration;
			buildSettings = {
				ASSETCATALOG_COMPILER_APPICON_NAME = AppIcon;
				DEVELOPMENT_TEAM = "";
				FRAMEWORK_SEARCH_PATHS = "$(PROJECT_DIR)/../";
				INFOPLIST_FILE = "LinkDemo-ObjC/Info.plist";
				IPHONEOS_DEPLOYMENT_TARGET = 8.0;
				LD_RUNPATH_SEARCH_PATHS = "$(inherited) @executable_path/Frameworks";
				LINK_ENV = Production;
				LINK_KEY = YOUR_PLAID_PUBLIC_KEY;
				PRODUCT_BUNDLE_IDENTIFIER = com.plaid.linkdemo.objc;
				PRODUCT_NAME = "$(TARGET_NAME)";
			};
			name = Release;
		};
/* End XCBuildConfiguration section */

/* Begin XCConfigurationList section */
		910CAE131E3BC35C0089B9CC /* Build configuration list for PBXProject "LinkDemo-ObjC" */ = {
			isa = XCConfigurationList;
			buildConfigurations = (
				910CAE2D1E3BC35C0089B9CC /* Debug */,
				910CAE2E1E3BC35C0089B9CC /* Release */,
			);
			defaultConfigurationIsVisible = 0;
			defaultConfigurationName = Release;
		};
		910CAE2F1E3BC35C0089B9CC /* Build configuration list for PBXNativeTarget "LinkDemo-ObjC" */ = {
			isa = XCConfigurationList;
			buildConfigurations = (
				910CAE301E3BC35C0089B9CC /* Debug */,
				910CAE311E3BC35C0089B9CC /* Release */,
			);
			defaultConfigurationIsVisible = 0;
			defaultConfigurationName = Release;
		};
/* End XCConfigurationList section */
	};
	rootObject = 910CAE101E3BC35C0089B9CC /* Project object */;
}
